#MicroXplorer Configuration settings - do not modify
COMP2.IPParameters=InvertingInput
COMP2.InvertingInput=COMP_INVERTINGINPUT_DAC1_CH2
COMP4.IPParameters=InvertingInput
COMP4.InvertingInput=COMP_INVERTINGINPUT_DAC1_CH2
DAC1.DAC_Trigger2=DAC_TRIGGER_HRTIM1_DACTRG1
DAC1.IPParameters=DAC_Trigger2,WaveGeneration2
DAC1.WaveGeneration2=DISABLE
DAC2.DAC_Trigger=DAC_TRIGGER_HRTIM1_DACTRG3
DAC2.IPParameters=DAC_Trigger
Dma.DAC1_CH2.0.Direction=DMA_MEMORY_TO_PERIPH
Dma.DAC1_CH2.0.Instance=DMA1_Channel4
Dma.DAC1_CH2.0.MemDataAlignment=DMA_MDATAALIGN_HALFWORD
Dma.DAC1_CH2.0.MemInc=DMA_MINC_ENABLE
Dma.DAC1_CH2.0.Mode=DMA_CIRCULAR
Dma.DAC1_CH2.0.PeriphDataAlignment=DMA_PDATAALIGN_HALFWORD
Dma.DAC1_CH2.0.PeriphInc=DMA_PINC_DISABLE
Dma.DAC1_CH2.0.Priority=DMA_PRIORITY_HIGH
Dma.DAC1_CH2.0.RequestParameters=Instance,Direction,PeriphInc,MemInc,PeriphDataAlignment,MemDataAlignment,Mode,Priority
Dma.DAC2_CH1.1.Direction=DMA_MEMORY_TO_PERIPH
Dma.DAC2_CH1.1.Instance=DMA1_Channel5
Dma.DAC2_CH1.1.MemDataAlignment=DMA_MDATAALIGN_HALFWORD
Dma.DAC2_CH1.1.MemInc=DMA_MINC_ENABLE
Dma.DAC2_CH1.1.Mode=DMA_CIRCULAR
Dma.DAC2_CH1.1.PeriphDataAlignment=DMA_PDATAALIGN_HALFWORD
Dma.DAC2_CH1.1.PeriphInc=DMA_PINC_DISABLE
Dma.DAC2_CH1.1.Priority=DMA_PRIORITY_MEDIUM
Dma.DAC2_CH1.1.RequestParameters=Instance,Direction,PeriphInc,MemInc,PeriphDataAlignment,MemDataAlignment,Mode,Priority
Dma.Request0=DAC1_CH2
Dma.Request1=DAC2_CH1
Dma.RequestsNb=2
File.Version=6
GPIO.groupedBy=Group By Peripherals
HRTIM1.CaptureUnit1-No_output_TD=HRTIM_CAPTUREUNIT_1
HRTIM1.CaptureUnit1-No_output_TE=HRTIM_CAPTUREUNIT_1
HRTIM1.CaptureUnit2-No_output_TD=__NULL
HRTIM1.CompareUnit1-MasterTimer=HRTIM_COMPAREUNIT_1
HRTIM1.CompareUnit1-No_output_TC=__NULL
HRTIM1.CompareUnit1-No_output_TD=HRTIM_COMPAREUNIT_1
HRTIM1.CompareUnit1-No_output_TE=HRTIM_COMPAREUNIT_1
HRTIM1.CompareUnit1-Output_TA2=HRTIM_COMPAREUNIT_1
HRTIM1.CompareUnit1-Output_TB1=HRTIM_COMPAREUNIT_1
HRTIM1.CompareUnit2-MasterTimer=HRTIM_COMPAREUNIT_2
HRTIM1.CompareUnit2-No_output_TC=HRTIM_COMPAREUNIT_2
HRTIM1.CompareUnit2-No_output_TD=HRTIM_COMPAREUNIT_2
HRTIM1.CompareUnit2-No_output_TE=HRTIM_COMPAREUNIT_2
HRTIM1.CompareUnit2-Output_TA2=HRTIM_COMPAREUNIT_2
HRTIM1.CompareUnit3-MasterTimer=__NULL
HRTIM1.CompareUnit3-No_output_TD=__NULL
HRTIM1.CompareUnit3-Output_TA2=HRTIM_COMPAREUNIT_3
HRTIM1.CompareUnit3-Output_TB1=HRTIM_COMPAREUNIT_3
HRTIM1.CompareUnit4-MasterTimer=__NULL
HRTIM1.CompareUnit4-No_output_TD=HRTIM_COMPAREUNIT_4
HRTIM1.CompareUnit4-No_output_TE=HRTIM_COMPAREUNIT_4
HRTIM1.CompareUnit4-Output_TA2=HRTIM_COMPAREUNIT_4
HRTIM1.CompareUnit4-Output_TB1=HRTIM_COMPAREUNIT_4
HRTIM1.CompareValue1-MasterTimer=23040
HRTIM1.CompareValue1-No_output_TD=9216
HRTIM1.CompareValue1-No_output_TE=9216
HRTIM1.CompareValue1-Output_TA2=4608
HRTIM1.CompareValue1-Output_TB1=4608
HRTIM1.CompareValue2-MasterTimer=46080
HRTIM1.CompareValue2-No_output_TC=2304
HRTIM1.CompareValue2-No_output_TD=13824
HRTIM1.CompareValue2-No_output_TE=13824
HRTIM1.CompareValue2-Output_TA2=23040
HRTIM1.CompareValue3-Output_TA2=5760
HRTIM1.CompareValue3-Output_TB1=5760
HRTIM1.CompareValue4-No_output_TD=18432
HRTIM1.CompareValue4-No_output_TE=18432
HRTIM1.CompareValue4-Output_TA2=23040
HRTIM1.CompareValue4-Output_TB1=23040
HRTIM1.DACSynchro-No_output_TC=HRTIM_DACSYNC_DACTRIGOUT_1
HRTIM1.Event1-Output_TA2=HRTIM_EVENT_1
HRTIM1.Event1-Output_TB1=HRTIM_EVENT_1
HRTIM1.Event2-Output_TA2=HRTIM_EVENT_2
HRTIM1.Event2-Output_TB1=HRTIM_EVENT_2
HRTIM1.Event_EEV1=HRTIM_EVENT_1
HRTIM1.Event_EEV2=HRTIM_EVENT_2
HRTIM1.FastMode_EEV1=HRTIM_EVENTFASTMODE_ENABLE
HRTIM1.FastMode_EEV2=HRTIM_EVENTFASTMODE_ENABLE
HRTIM1.FaultEnable_Source1-No_output_TD=HRTIM_TIMFAULTENABLE_FAULT1
HRTIM1.FaultEnable_Source1-No_output_TE=HRTIM_TIMFAULTENABLE_FAULT1
HRTIM1.FaultEnable_Source1-Output_TA2=HRTIM_TIMFAULTENABLE_FAULT1
HRTIM1.FaultEnable_Source1-Output_TB1=HRTIM_TIMFAULTENABLE_FAULT1
HRTIM1.FaultLevel1-Output_TB1=HRTIM_OUTPUTFAULTLEVEL_INACTIVE
HRTIM1.FaultLevel2-Output_TA2=HRTIM_OUTPUTFAULTLEVEL_INACTIVE
HRTIM1.Filter1-Output_TA2=HRTIM_TIMEVENTFILTER_BLANKINGCMP3
HRTIM1.Filter1-Output_TB1=HRTIM_TIMEVENTFILTER_BLANKINGCMP3
HRTIM1.Filter2-Output_TA2=HRTIM_TIMEVENTFILTER_BLANKINGCMP3
HRTIM1.Filter2-Output_TB1=HRTIM_TIMEVENTFILTER_BLANKINGCMP3
HRTIM1.Filter_FaultLine1=HRTIM_FAULTFILTER_15
HRTIM1.HRTIMInterruptResquests1=HRTIM_IT_FLT1
HRTIM1.HRTIMInterruptResquests2=HRTIM_IT_SYSFLT
HRTIM1.IPParameters=HRTIMInterruptResquests1,HRTIMInterruptResquests2,Event_EEV1,FastMode_EEV1,Event_EEV2,FastMode_EEV2,Filter_FaultLine1,PrescalerRatio_MASTER,Periode_MASTER,PreloadEnable-MasterTimer,RepetitionUpdate-MasterTimer,NumberInterruptRequests_Master-MasterTimer,CompareUnit1-MasterTimer,CompareValue1-MasterTimer,InterruptRequests1_Master,Periode_TA,PrescalerRatio_TA,ModeTimeBase-Output_TA2,RepetitionUpdate-Output_TA2,NumberFaultEnable-Output_TA2,FaultEnable_Source1-Output_TA2,ResetUpdate-Output_TA2,NumberUpdateTrigger-Output_TA2,UpdateTrigger1-Output_TA2,NumberResetTrigger-Output_TA2,ResetTrigger1-Output_TA2,CompareUnit1-Output_TA2,CompareValue1-Output_TA2,CompareUnit2-Output_TA2,FaultLevel2-Output_TA2,NumberSetSource2-Output_TA2,SetOutput2_Source1-Output_TA2,NumberResetSource2-Output_TA2,ResetOutput2_Source1-Output_TA2,ResetOutput2_Source2-Output_TA2,ResetOutput2_Source3-Output_TA2,ResetOutput2_Source4-Output_TA2,PrescalerRatio_TB,Periode_TB,PrescalerRatio_TC,Periode_TC,RepetitionUpdate-No_output_TC,ResetUpdate-No_output_TC,DACSynchro-No_output_TC,NumberUpdateTrigger-No_output_TC,UpdateTrigger1-No_output_TC,NumberResetTrigger-No_output_TC,ResetTrigger1-No_output_TC,NumberInterruptRequests-No_output_TC,RepetitionCounter-No_output_TC,ModeTimeBase-No_output_TC,CompareUnit1-No_output_TC,CompareUnit2-No_output_TC,CompareUnit2-MasterTimer,CompareUnit3-MasterTimer,CompareUnit4-MasterTimer,PrescalerRatio_TD,ModeTimeBase-No_output_TD,Periode_TD,PreloadEnable-No_output_TD,RepetitionUpdate-No_output_TD,ResetUpdate-No_output_TD,NumberFaultEnable-No_output_TD,FaultEnable_Source1-No_output_TD,NumberUpdateTrigger-No_output_TD,UpdateTrigger1-No_output_TD,NumberResetTrigger-No_output_TD,ResetTrigger1-No_output_TD,CompareUnit1-No_output_TD,CompareValue1-No_output_TD,CompareUnit2-No_output_TD,CompareValue2-No_output_TD,CompareUnit3-No_output_TD,CompareUnit4-No_output_TD,CompareValue4-No_output_TD,ResetTrigger2-No_output_TC,ResetTrigger3-No_output_TC,ResetTrigger4-No_output_TC,ResetTrigger5-No_output_TC,ResetTrigger6-No_output_TC,ResetTrigger7-No_output_TC,PrescalerRatio_TE,ModeTimeBase-No_output_TE,Periode_TE,PreloadEnable-No_output_TE,NumberFaultEnable-No_output_TE,FaultEnable_Source1-No_output_TE,ResetUpdate-No_output_TE,NumberUpdateTrigger-No_output_TE,UpdateTrigger1-No_output_TE,NumberResetTrigger-No_output_TE,ResetTrigger1-No_output_TE,CompareUnit1-No_output_TE,CompareValue1-No_output_TE,CompareUnit2-No_output_TE,CompareValue2-No_output_TE,CompareUnit4-No_output_TE,CompareValue4-No_output_TE,RepetitionUpdate-No_output_TE,ResetTrigger8-No_output_TC,ResetTrigger9-No_output_TC,ResetTrigger10-No_output_TC,PreloadEnable-No_output_TC,CompareValue2-No_output_TC,ResetTrigger11-No_output_TC,CompareUnit3-Output_TA2,CompareValue3-Output_TA2,CompareUnit4-Output_TA2,CompareValue4-Output_TA2,ResetOutput2_Source5-Output_TA2,Event1-Output_TA2,Filter1-Output_TA2,CaptureUnit1-No_output_TD,NumberTriggerSource_Captureconfig1-No_output_TD,TriggerCapture1_Source1-No_output_TD,TriggerCapture1_Source2-No_output_TD,CaptureUnit2-No_output_TD,ModeTimeBase-Output_TB1,RepetitionUpdate-Output_TB1,NumberFaultEnable-Output_TB1,FaultEnable_Source1-Output_TB1,ResetUpdate-Output_TB1,NumberUpdateTrigger-Output_TB1,UpdateTrigger1-Output_TB1,NumberResetTrigger-Output_TB1,ResetTrigger1-Output_TB1,FaultLevel1-Output_TB1,CompareUnit1-Output_TB1,CompareValue1-Output_TB1,CompareUnit3-Output_TB1,CompareValue3-Output_TB1,CompareUnit4-Output_TB1,CompareValue4-Output_TB1,CompareValue2-MasterTimer,Event1-Output_TB1,Filter1-Output_TB1,NumberSetSource1-Output_TB1,SetOutput1_Source1-Output_TB1,NumberResetSource1-Output_TB1,ResetOutput1_Source1-Output_TB1,ResetOutput1_Source2-Output_TB1,ResetOutput1_Source3-Output_TB1,ResetOutput1_Source4-Output_TB1,ResetOutput1_Source5-Output_TB1,ResetOutput1_Source6-Output_TB1,ResetOutput1_Source7-Output_TB1,ResetOutput2_Source6-Output_TA2,ResetOutput2_Source7-Output_TA2,NumberInterruptRequests-Output_TB1,InterruptRequests1-Output_TB1,CaptureUnit1-No_output_TE,NumberTriggerSource_Captureconfig1-No_output_TE,TriggerCapture1_Source1-No_output_TE,CompareValue2-Output_TA2,TriggerCapture1_Source2-No_output_TE,NumberInterruptRequests-No_output_TD,InterruptRequests1-No_output_TD,Event2-Output_TA2,Filter2-Output_TA2,ResetOutput2_Source8-Output_TA2,Event2-Output_TB1,Filter2-Output_TB1,ResetOutput1_Source8-Output_TB1
HRTIM1.InterruptRequests1-No_output_TD=HRTIM_TIM_IT_REP
HRTIM1.InterruptRequests1-Output_TB1=HRTIM_TIM_IT_CMP4
HRTIM1.InterruptRequests1_Master=HRTIM_MASTER_IT_MREP
HRTIM1.ModeTimeBase-No_output_TC=HRTIM_MODE_SINGLESHOT_RETRIGGERABLE
HRTIM1.ModeTimeBase-No_output_TD=HRTIM_MODE_SINGLESHOT_RETRIGGERABLE
HRTIM1.ModeTimeBase-No_output_TE=HRTIM_MODE_SINGLESHOT_RETRIGGERABLE
HRTIM1.ModeTimeBase-Output_TA2=HRTIM_MODE_SINGLESHOT_RETRIGGERABLE
HRTIM1.ModeTimeBase-Output_TB1=HRTIM_MODE_SINGLESHOT_RETRIGGERABLE
HRTIM1.NumberFaultEnable-No_output_TD=1
HRTIM1.NumberFaultEnable-No_output_TE=1
HRTIM1.NumberFaultEnable-Output_TA2=1
HRTIM1.NumberFaultEnable-Output_TB1=1
HRTIM1.NumberInterruptRequests-No_output_TC=0
HRTIM1.NumberInterruptRequests-No_output_TD=1
HRTIM1.NumberInterruptRequests-Output_TB1=1
HRTIM1.NumberInterruptRequests_Master-MasterTimer=1
HRTIM1.NumberResetSource1-Output_TB1=8
HRTIM1.NumberResetSource2-Output_TA2=8
HRTIM1.NumberResetTrigger-No_output_TC=11
HRTIM1.NumberResetTrigger-No_output_TD=1
HRTIM1.NumberResetTrigger-No_output_TE=1
HRTIM1.NumberResetTrigger-Output_TA2=1
HRTIM1.NumberResetTrigger-Output_TB1=1
HRTIM1.NumberSetSource1-Output_TB1=1
HRTIM1.NumberSetSource2-Output_TA2=1
HRTIM1.NumberTriggerSource_Captureconfig1-No_output_TD=1
HRTIM1.NumberTriggerSource_Captureconfig1-No_output_TE=2
HRTIM1.NumberUpdateTrigger-No_output_TC=1
HRTIM1.NumberUpdateTrigger-No_output_TD=1
HRTIM1.NumberUpdateTrigger-No_output_TE=1
HRTIM1.NumberUpdateTrigger-Output_TA2=1
HRTIM1.NumberUpdateTrigger-Output_TB1=1
HRTIM1.Periode_MASTER=46080
HRTIM1.Periode_TA=23040
HRTIM1.Periode_TB=23040
HRTIM1.Periode_TC=4608
HRTIM1.Periode_TD=46080
HRTIM1.Periode_TE=46080
HRTIM1.PreloadEnable-MasterTimer=HRTIM_PRELOAD_DISABLED
HRTIM1.PreloadEnable-No_output_TC=HRTIM_PRELOAD_ENABLED
HRTIM1.PreloadEnable-No_output_TD=HRTIM_PRELOAD_ENABLED
HRTIM1.PreloadEnable-No_output_TE=HRTIM_PRELOAD_ENABLED
HRTIM1.PrescalerRatio_MASTER=HRTIM_PRESCALERRATIO_MUL16
HRTIM1.PrescalerRatio_TA=HRTIM_PRESCALERRATIO_MUL16
HRTIM1.PrescalerRatio_TB=HRTIM_PRESCALERRATIO_MUL16
HRTIM1.PrescalerRatio_TC=HRTIM_PRESCALERRATIO_MUL16
HRTIM1.PrescalerRatio_TD=HRTIM_PRESCALERRATIO_MUL16
HRTIM1.PrescalerRatio_TE=HRTIM_PRESCALERRATIO_MUL16
HRTIM1.RepetitionCounter-No_output_TC=0
HRTIM1.RepetitionUpdate-MasterTimer=HRTIM_UPDATEONREPETITION_ENABLED
HRTIM1.RepetitionUpdate-No_output_TC=HRTIM_UPDATEONREPETITION_ENABLED
HRTIM1.RepetitionUpdate-No_output_TD=HRTIM_UPDATEONREPETITION_ENABLED
HRTIM1.RepetitionUpdate-No_output_TE=HRTIM_UPDATEONREPETITION_ENABLED
HRTIM1.RepetitionUpdate-Output_TA2=HRTIM_UPDATEONREPETITION_ENABLED
HRTIM1.RepetitionUpdate-Output_TB1=HRTIM_UPDATEONREPETITION_ENABLED
HRTIM1.ResetOutput1_Source1-Output_TB1=HRTIM_OUTPUTRESET_TIMCMP4
HRTIM1.ResetOutput1_Source2-Output_TB1=HRTIM_OUTPUTRESET_TIMPER
HRTIM1.ResetOutput1_Source3-Output_TB1=HRTIM_OUTPUTRESET_UPDATE
HRTIM1.ResetOutput1_Source4-Output_TB1=HRTIM_OUTPUTRESET_MASTERPER
HRTIM1.ResetOutput1_Source5-Output_TB1=HRTIM_OUTPUTRESET_EEV_1
HRTIM1.ResetOutput1_Source6-Output_TB1=HRTIM_OUTPUTRESET_MASTERCMP1
HRTIM1.ResetOutput1_Source7-Output_TB1=HRTIM_OUTPUTRESET_MASTERCMP2
HRTIM1.ResetOutput1_Source8-Output_TB1=HRTIM_OUTPUTRESET_EEV_2
HRTIM1.ResetOutput2_Source1-Output_TA2=HRTIM_OUTPUTRESET_TIMCMP4
HRTIM1.ResetOutput2_Source2-Output_TA2=HRTIM_OUTPUTRESET_TIMPER
HRTIM1.ResetOutput2_Source3-Output_TA2=HRTIM_OUTPUTRESET_UPDATE
HRTIM1.ResetOutput2_Source4-Output_TA2=HRTIM_OUTPUTRESET_MASTERPER
HRTIM1.ResetOutput2_Source5-Output_TA2=HRTIM_OUTPUTRESET_EEV_1
HRTIM1.ResetOutput2_Source6-Output_TA2=HRTIM_OUTPUTRESET_MASTERCMP2
HRTIM1.ResetOutput2_Source7-Output_TA2=HRTIM_OUTPUTRESET_MASTERCMP1
HRTIM1.ResetOutput2_Source8-Output_TA2=HRTIM_OUTPUTRESET_EEV_2
HRTIM1.ResetTrigger1-No_output_TC=HRTIM_TIMRESETTRIGGER_OTHER3_CMP1
HRTIM1.ResetTrigger1-No_output_TD=HRTIM_TIMRESETTRIGGER_MASTER_PER
HRTIM1.ResetTrigger1-No_output_TE=HRTIM_TIMRESETTRIGGER_MASTER_CMP1
HRTIM1.ResetTrigger1-Output_TA2=HRTIM_TIMRESETTRIGGER_MASTER_CMP1
HRTIM1.ResetTrigger1-Output_TB1=HRTIM_TIMRESETTRIGGER_MASTER_PER
HRTIM1.ResetTrigger10-No_output_TC=HRTIM_TIMRESETTRIGGER_OTHER4_CMP4
HRTIM1.ResetTrigger11-No_output_TC=HRTIM_TIMRESETTRIGGER_CMP2
HRTIM1.ResetTrigger2-No_output_TC=HRTIM_TIMRESETTRIGGER_OTHER3_CMP2
HRTIM1.ResetTrigger3-No_output_TC=HRTIM_TIMRESETTRIGGER_OTHER3_CMP4
HRTIM1.ResetTrigger4-No_output_TC=HRTIM_TIMRESETTRIGGER_OTHER2_CMP1
HRTIM1.ResetTrigger5-No_output_TC=HRTIM_TIMRESETTRIGGER_OTHER2_CMP4
HRTIM1.ResetTrigger6-No_output_TC=HRTIM_TIMRESETTRIGGER_OTHER1_CMP1
HRTIM1.ResetTrigger7-No_output_TC=HRTIM_TIMRESETTRIGGER_OTHER1_CMP4
HRTIM1.ResetTrigger8-No_output_TC=HRTIM_TIMRESETTRIGGER_OTHER4_CMP1
HRTIM1.ResetTrigger9-No_output_TC=HRTIM_TIMRESETTRIGGER_OTHER4_CMP2
HRTIM1.ResetUpdate-No_output_TC=HRTIM_TIMUPDATEONRESET_ENABLED
HRTIM1.ResetUpdate-No_output_TD=HRTIM_TIMUPDATEONRESET_ENABLED
HRTIM1.ResetUpdate-No_output_TE=HRTIM_TIMUPDATEONRESET_ENABLED
HRTIM1.ResetUpdate-Output_TA2=HRTIM_TIMUPDATEONRESET_ENABLED
HRTIM1.ResetUpdate-Output_TB1=HRTIM_TIMUPDATEONRESET_ENABLED
HRTIM1.SetOutput1_Source1-Output_TB1=HRTIM_OUTPUTSET_TIMCMP1
HRTIM1.SetOutput2_Source1-Output_TA2=HRTIM_OUTPUTSET_TIMCMP1
HRTIM1.TriggerCapture1_Source1-No_output_TD=HRTIM_CAPTURETRIGGER_TB1_RESET
HRTIM1.TriggerCapture1_Source1-No_output_TE=HRTIM_CAPTURETRIGGER_EEV_1
HRTIM1.TriggerCapture1_Source2-No_output_TD=HRTIM_CAPTURETRIGGER_NONE
HRTIM1.TriggerCapture1_Source2-No_output_TE=HRTIM_CAPTURETRIGGER_TIMERA_CMP2
HRTIM1.UpdateTrigger1-No_output_TC=HRTIM_TIMUPDATETRIGGER_TIMER_C
HRTIM1.UpdateTrigger1-No_output_TD=HRTIM_TIMUPDATETRIGGER_MASTER
HRTIM1.UpdateTrigger1-No_output_TE=HRTIM_TIMUPDATETRIGGER_MASTER
HRTIM1.UpdateTrigger1-Output_TA2=HRTIM_TIMUPDATETRIGGER_MASTER
HRTIM1.UpdateTrigger1-Output_TB1=HRTIM_TIMUPDATETRIGGER_MASTER
IWDG.IPParameters=Prescaler
IWDG.Prescaler=IWDG_PRESCALER_256
KeepUserPlacement=false
Mcu.Family=STM32F3
Mcu.IP0=COMP2
Mcu.IP1=COMP4
Mcu.IP10=TIM1
Mcu.IP11=TIM15
Mcu.IP12=TIM16
Mcu.IP13=TIM17
Mcu.IP14=USART1
Mcu.IP2=DAC1
Mcu.IP3=DAC2
Mcu.IP4=DMA
Mcu.IP5=HRTIM1
Mcu.IP6=IWDG
Mcu.IP7=NVIC
Mcu.IP8=RCC
Mcu.IP9=SYS
Mcu.IPNb=15
Mcu.Name=STM32F334K(4-6-8)Tx
Mcu.Package=LQFP32
Mcu.Pin0=PF0 / OSC_IN
Mcu.Pin1=PF1 / OSC_OUT
Mcu.Pin10=PA12
Mcu.Pin11=PA13
Mcu.Pin12=PA14
Mcu.Pin13=PA15
Mcu.Pin14=PB3
Mcu.Pin15=PB4
Mcu.Pin16=PB5
Mcu.Pin17=PB6
Mcu.Pin18=PB7
Mcu.Pin19=VP_COMP2_VS_DAC1OUT2
Mcu.Pin2=PA2
Mcu.Pin20=VP_COMP4_VS_DAC1OUT2
Mcu.Pin21=VP_DAC1_Switcher_Out2
Mcu.Pin22=VP_DAC2_Switcher_Out1
Mcu.Pin23=VP_HRTIM1_VS_hrtimMasterTimerNoOutput
Mcu.Pin24=VP_HRTIM1_VS_hrtimTimerCNoOutput
Mcu.Pin25=VP_HRTIM1_VS_hrtimTimerDNoOutput
Mcu.Pin26=VP_HRTIM1_VS_hrtimTimerENoOutput
Mcu.Pin27=VP_IWDG_VS_IWDG
Mcu.Pin28=VP_SYS_VS_Systick
Mcu.Pin29=VP_TIM1_VS_ClockSourceINT
Mcu.Pin3=PA7
Mcu.Pin30=VP_TIM15_VS_ClockSourceINT
Mcu.Pin31=VP_TIM16_VS_ClockSourceINT
Mcu.Pin32=VP_TIM17_VS_ClockSourceINT
Mcu.Pin4=PB0
Mcu.Pin5=PB1
Mcu.Pin6=PA8
Mcu.Pin7=PA9
Mcu.Pin8=PA10
Mcu.Pin9=PA11
Mcu.PinsNb=33
Mcu.ThirdPartyNb=0
Mcu.UserConstants=
Mcu.UserName=STM32F334K8Tx
MxCube.Version=6.0.1
MxDb.Version=DB.6.0.0
NVIC.BusFault_IRQn=true\:0\:0\:false\:false\:true\:false\:false
NVIC.DMA1_Channel4_IRQn=true\:4\:0\:true\:true\:true\:4\:false\:true
NVIC.DMA1_Channel5_IRQn=true\:4\:0\:true\:true\:true\:5\:false\:true
NVIC.DebugMonitor_IRQn=true\:0\:0\:false\:false\:true\:false\:false
NVIC.ForceEnableDMAVector=true
NVIC.HRTIM1_FLT_IRQn=true\:6\:0\:true\:true\:true\:2\:true\:true
NVIC.HRTIM1_Master_IRQn=true\:3\:0\:true\:true\:true\:1\:true\:true
NVIC.HRTIM1_TIMB_IRQn=true\:2\:0\:true\:true\:true\:8\:true\:true
NVIC.HRTIM1_TIMD_IRQn=true\:2\:0\:true\:true\:true\:9\:true\:true
NVIC.HardFault_IRQn=true\:0\:0\:false\:false\:true\:false\:false
NVIC.MemoryManagement_IRQn=true\:0\:0\:false\:false\:true\:false\:false
NVIC.NonMaskableInt_IRQn=true\:0\:0\:false\:false\:true\:false\:false
NVIC.PVD_IRQn=true\:13\:0\:true\:true\:true\:7\:true\:true
NVIC.PendSV_IRQn=true\:0\:0\:false\:false\:true\:false\:false
NVIC.PriorityGroup=NVIC_PRIORITYGROUP_4
NVIC.SVCall_IRQn=true\:0\:0\:false\:false\:true\:false\:false
NVIC.SysTick_IRQn=true\:15\:0\:true\:false\:true\:false\:true
NVIC.USART1_IRQn=true\:14\:0\:true\:true\:true\:6\:true\:true
NVIC.UsageFault_IRQn=true\:0\:0\:false\:false\:true\:false\:false
PA10.GPIOParameters=GPIO_Label
PA10.GPIO_Label=pwmB1
PA10.Mode=Output_TB1
PA10.Signal=HRTIM1_CHB1
PA11.GPIOParameters=GPIO_Speed,GPIO_Label
PA11.GPIO_Label=pwm50HZ_2
PA11.GPIO_Speed=GPIO_SPEED_FREQ_HIGH
PA11.Locked=true
PA11.Signal=GPIO_Output
PA12.GPIOParameters=GPIO_Label
PA12.GPIO_Label=pwmFLT
PA12.Locked=true
PA12.Mode=Fault_Enable1
PA12.Signal=HRTIM1_FLT1
PA13.GPIOParameters=GPIO_Label
PA13.GPIO_Label=sysDIO
PA13.Mode=Serial_Wire
PA13.Signal=SYS_JTMS-SWDIO
PA14.GPIOParameters=GPIO_Label
PA14.GPIO_Label=sysCLK
PA14.Mode=Serial_Wire
PA14.Signal=SYS_JTCK-SWCLK
PA15.GPIOParameters=GPIO_Speed,GPIO_Label
PA15.GPIO_Label=ledI
PA15.GPIO_Speed=GPIO_SPEED_FREQ_HIGH
PA15.Locked=true
PA15.Signal=GPIO_Output
PA2.GPIOParameters=GPIO_Speed,GPIO_Label
PA2.GPIO_Label=pwmBUZZER
PA2.GPIO_Speed=GPIO_SPEED_FREQ_HIGH
PA2.Locked=true
PA2.Signal=S_TIM15_CH1
PA7.GPIOParameters=GPIO_Label
PA7.GPIO_Label=compV
PA7.Mode=INP
PA7.Signal=COMP2_INP
PA8.GPIOParameters=GPIO_Speed,GPIO_Label
PA8.GPIO_Label=pwm50HZ_1
PA8.GPIO_Speed=GPIO_SPEED_FREQ_HIGH
PA8.Signal=S_TIM1_CH1
PA9.GPIOParameters=GPIO_Label
PA9.GPIO_Label=pwmA1
PA9.Mode=Output_TA2
PA9.Signal=HRTIM1_CHA2
PB0.GPIOParameters=GPIO_Label
PB0.GPIO_Label=compI
PB0.Mode=INP
PB0.Signal=COMP4_INP
PB1.GPIOParameters=GPIO_Speed,PinState,GPIO_Label
PB1.GPIO_Label=drvONOFF
PB1.GPIO_Speed=GPIO_SPEED_FREQ_HIGH
PB1.Locked=true
PB1.PinState=GPIO_PIN_SET
PB1.Signal=GPIO_Output
PB3.GPIOParameters=GPIO_Speed,GPIO_Label
PB3.GPIO_Label=ledV
PB3.GPIO_Speed=GPIO_SPEED_FREQ_HIGH
PB3.Locked=true
PB3.Signal=GPIO_Output
PB4.GPIOParameters=GPIO_Speed,GPIO_Label
PB4.GPIO_Label=pwmCOOLER
PB4.GPIO_Speed=GPIO_SPEED_FREQ_HIGH
PB4.Locked=true
PB4.Signal=S_TIM16_CH1
PB5.GPIOParameters=GPIO_Speed,GPIO_Label
PB5.GPIO_Label=pwmIGLA
PB5.GPIO_Speed=GPIO_SPEED_FREQ_HIGH
PB5.Locked=true
PB5.Signal=S_TIM17_CH1
PB6.GPIOParameters=GPIO_FM6,GPIO_Label
PB6.GPIO_FM6=SYSCFG_CFGR1_I2C_PB6_FMP
PB6.GPIO_Label=usartTX
PB6.Locked=true
PB6.Mode=Asynchronous
PB6.Signal=USART1_TX
PB7.GPIOParameters=GPIO_Label,GPIO_FM7
PB7.GPIO_FM7=SYSCFG_CFGR1_I2C_PB7_FMP
PB7.GPIO_Label=usartRX
PB7.Locked=true
PB7.Mode=Asynchronous
PB7.Signal=USART1_RX
PF0\ /\ OSC_IN.GPIOParameters=GPIO_Label
PF0\ /\ OSC_IN.GPIO_Label=sysPF0
PF0\ /\ OSC_IN.Mode=HSE-External-Oscillator
PF0\ /\ OSC_IN.Signal=RCC_OSC_IN
PF1\ /\ OSC_OUT.GPIOParameters=GPIO_Label
PF1\ /\ OSC_OUT.GPIO_Label=sysPF1
PF1\ /\ OSC_OUT.Mode=HSE-External-Oscillator
PF1\ /\ OSC_OUT.Signal=RCC_OSC_OUT
PinOutPanel.RotationAngle=0
ProjectManager.AskForMigrate=true
ProjectManager.BackupPrevious=true
ProjectManager.CompilerOptimize=6
ProjectManager.ComputerToolchain=false
ProjectManager.CoupleFile=true
ProjectManager.CustomerFirmwarePackage=
ProjectManager.DefaultFWLocation=true
ProjectManager.DeletePrevious=true
ProjectManager.DeviceId=STM32F334K8Tx
ProjectManager.FirmwarePackage=STM32Cube FW_F3 V1.11.1
ProjectManager.FreePins=false
ProjectManager.HalAssertFull=false
ProjectManager.HeapSize=0x200
ProjectManager.KeepUserCode=true
ProjectManager.LastFirmware=true
ProjectManager.LibraryCopy=1
ProjectManager.MainLocation=Core/Src
ProjectManager.NoMain=false
ProjectManager.PreviousToolchain=STM32CubeIDE
ProjectManager.ProjectBuild=false
ProjectManager.ProjectFileName=Sky-A9.ioc
ProjectManager.ProjectName=Sky-A9
ProjectManager.RegisterCallBack=ADC,CAN,COMP,CEC,DAC,SRAM,SMBUS,SDADC,NAND,NOR,PCCARD,HRTIM,I2C,UART,USART,IRDA,SMARTCARD,WWDG,OPAMP,RTC,SPI,I2S,TIM,TSC,PCD
ProjectManager.StackSize=0x400
ProjectManager.TargetToolchain=STM32CubeIDE
ProjectManager.ToolChainLocation=
ProjectManager.UnderRoot=true
ProjectManager.functionlistsort=1-MX_GPIO_Init-GPIO-false-LL-true,2-MX_DMA_Init-DMA-false-LL-true,3-SystemClock_Config-RCC-false-LL-true,4-MX_HRTIM1_Init-HRTIM1-false-LL-true,5-MX_USART1_UART_Init-USART1-false-LL-true,6-MX_IWDG_Init-IWDG-false-LL-true,7-MX_TIM15_Init-TIM15-false-LL-true,8-MX_TIM16_Init-TIM16-false-LL-true,9-MX_TIM17_Init-TIM17-false-LL-true,10-MX_DAC1_Init-DAC1-false-LL-true,11-MX_DAC2_Init-DAC2-false-LL-true,12-MX_COMP2_Init-COMP2-false-LL-true,13-MX_COMP4_Init-COMP4-false-LL-true,14-MX_TIM1_Init-TIM1-false-LL-true
RCC.ADC12outputFreq_Value=72000000
RCC.AHBFreq_Value=72000000
RCC.APB1CLKDivider=RCC_HCLK_DIV2
RCC.APB1Freq_Value=36000000
RCC.APB1TimFreq_Value=72000000
RCC.APB2Freq_Value=72000000
RCC.APB2TimFreq_Value=72000000
RCC.CortexFreq_Value=72000000
RCC.FCLKCortexFreq_Value=72000000
RCC.FamilyName=M
RCC.HCLKFreq_Value=72000000
RCC.HRTIM1Freq_Value=144000000
RCC.HRTIMSelection=RCC_HRTIM1CLK_PLLCLK
RCC.HSEPLLFreq_Value=12000000
RCC.HSE_VALUE=12000000
RCC.HSIPLLFreq_Value=4000000
RCC.HSI_VALUE=8000000
RCC.I2C1Freq_Value=8000000
RCC.IPParameters=ADC12outputFreq_Value,AHBFreq_Value,APB1CLKDivider,APB1Freq_Value,APB1TimFreq_Value,APB2Freq_Value,APB2TimFreq_Value,CortexFreq_Value,FCLKCortexFreq_Value,FamilyName,HCLKFreq_Value,HRTIM1Freq_Value,HRTIMSelection,HSEPLLFreq_Value,HSE_VALUE,HSIPLLFreq_Value,HSI_VALUE,I2C1Freq_Value,LSI_VALUE,MCOFreq_Value,PLLCLKFreq_Value,PLLMCOFreq_Value,PLLMUL,PLLSourceVirtual,RTCFreq_Value,RTCHSEDivFreq_Value,SYSCLKFreq_VALUE,SYSCLKSourceVirtual,TIM1Freq_Value,TIM1Selection,TIM2Freq_Value,USART1Freq_Value,Usart1ClockSelection,VCOOutput2Freq_Value
RCC.LSI_VALUE=40000
RCC.MCOFreq_Value=72000000
RCC.PLLCLKFreq_Value=72000000
RCC.PLLMCOFreq_Value=72000000
RCC.PLLMUL=RCC_PLL_MUL6
RCC.PLLSourceVirtual=RCC_PLLSOURCE_HSE
RCC.RTCFreq_Value=40000
RCC.RTCHSEDivFreq_Value=375000
RCC.SYSCLKFreq_VALUE=72000000
RCC.SYSCLKSourceVirtual=RCC_SYSCLKSOURCE_PLLCLK
RCC.TIM1Freq_Value=144000000
RCC.TIM1Selection=RCC_TIM1CLK_PLLCLK
RCC.TIM2Freq_Value=72000000
RCC.USART1Freq_Value=72000000
RCC.Usart1ClockSelection=RCC_USART1CLKSOURCE_SYSCLK
RCC.VCOOutput2Freq_Value=12000000
SH.S_TIM15_CH1.0=TIM15_CH1,PWM Generation1 CH1
SH.S_TIM15_CH1.ConfNb=1
SH.S_TIM16_CH1.0=TIM16_CH1,PWM Generation1 CH1
SH.S_TIM16_CH1.ConfNb=1
SH.S_TIM17_CH1.0=TIM17_CH1,PWM Generation1 CH1
SH.S_TIM17_CH1.ConfNb=1
SH.S_TIM1_CH1.0=TIM1_CH1,PWM Generation1 CH1
SH.S_TIM1_CH1.ConfNb=1
TIM1.AutoReloadPreload=TIM_AUTORELOAD_PRELOAD_ENABLE
TIM1.Channel-PWM\ Generation1\ CH1=TIM_CHANNEL_1
TIM1.IPParameters=Channel-PWM Generation1 CH1,AutoReloadPreload,OCFastMode_PWM-PWM Generation1 CH1,Period
TIM1.OCFastMode_PWM-PWM\ Generation1\ CH1=TIM_OCFAST_ENABLE
TIM1.Period=2879
TIM15.AutoReloadPreload=TIM_AUTORELOAD_PRELOAD_ENABLE
TIM15.Channel-PWM\ Generation1\ CH1=TIM_CHANNEL_1
TIM15.IPParameters=Channel-PWM Generation1 CH1,Prescaler,Period,AutoReloadPreload,OCFastMode_PWM-PWM Generation1 CH1
TIM15.OCFastMode_PWM-PWM\ Generation1\ CH1=TIM_OCFAST_ENABLE
TIM15.Period=63999
TIM15.Prescaler=2249
TIM16.AutoReloadPreload=TIM_AUTORELOAD_PRELOAD_ENABLE
TIM16.Channel=TIM_CHANNEL_1
TIM16.IPParameters=Channel,AutoReloadPreload,OCFastMode_PWM,Period
TIM16.OCFastMode_PWM=TIM_OCFAST_ENABLE
TIM16.Period=14399
TIM17.AutoReloadPreload=TIM_AUTORELOAD_PRELOAD_ENABLE
TIM17.Channel=TIM_CHANNEL_1
TIM17.IPParameters=Channel,Period,AutoReloadPreload,OCFastMode_PWM
TIM17.OCFastMode_PWM=TIM_OCFAST_ENABLE
TIM17.Period=9374
USART1.AutoBaudRateEnableParam=UART_ADVFEATURE_AUTOBAUDRATE_ENABLE
USART1.BaudRate=115200
USART1.IPParameters=VirtualMode-Asynchronous,BaudRate,AutoBaudRateEnableParam
USART1.VirtualMode-Asynchronous=VM_ASYNC
VP_COMP2_VS_DAC1OUT2.Mode=INM_DAC1OUT2
VP_COMP2_VS_DAC1OUT2.Signal=COMP2_VS_DAC1OUT2
VP_COMP4_VS_DAC1OUT2.Mode=INM_DAC1OUT2
VP_COMP4_VS_DAC1OUT2.Signal=COMP4_VS_DAC1OUT2
VP_DAC1_Switcher_Out2.Mode=Switch_Disable_OUT2
VP_DAC1_Switcher_Out2.Signal=DAC1_Switcher_Out2
VP_DAC2_Switcher_Out1.Mode=Switch_Disable_OUT1
VP_DAC2_Switcher_Out1.Signal=DAC2_Switcher_Out1
VP_HRTIM1_VS_hrtimMasterTimerNoOutput.Mode=MasterTimer
VP_HRTIM1_VS_hrtimMasterTimerNoOutput.Signal=HRTIM1_VS_hrtimMasterTimerNoOutput
VP_HRTIM1_VS_hrtimTimerCNoOutput.Mode=No_output_TC
VP_HRTIM1_VS_hrtimTimerCNoOutput.Signal=HRTIM1_VS_hrtimTimerCNoOutput
VP_HRTIM1_VS_hrtimTimerDNoOutput.Mode=No_output_TD
VP_HRTIM1_VS_hrtimTimerDNoOutput.Signal=HRTIM1_VS_hrtimTimerDNoOutput
VP_HRTIM1_VS_hrtimTimerENoOutput.Mode=No_output_TE
VP_HRTIM1_VS_hrtimTimerENoOutput.Signal=HRTIM1_VS_hrtimTimerENoOutput
VP_IWDG_VS_IWDG.Mode=IWDG_Activate
VP_IWDG_VS_IWDG.Signal=IWDG_VS_IWDG
VP_SYS_VS_Systick.Mode=SysTick
VP_SYS_VS_Systick.Signal=SYS_VS_Systick
VP_TIM15_VS_ClockSourceINT.Mode=Internal
VP_TIM15_VS_ClockSourceINT.Signal=TIM15_VS_ClockSourceINT
VP_TIM16_VS_ClockSourceINT.Mode=Enable_Timer
VP_TIM16_VS_ClockSourceINT.Signal=TIM16_VS_ClockSourceINT
VP_TIM17_VS_ClockSourceINT.Mode=Enable_Timer
VP_TIM17_VS_ClockSourceINT.Signal=TIM17_VS_ClockSourceINT
VP_TIM1_VS_ClockSourceINT.Mode=Internal
VP_TIM1_VS_ClockSourceINT.Signal=TIM1_VS_ClockSourceINT
board=custom
isbadioc=false
